Microsoft Visual Studio Solution File, Format Version 12.00
# Visual Studio Version 17
VisualStudioVersion = 17.5.2.0
MinimumVisualStudioVersion = 10.0.40219.1
Project("{FAE04EC0-301F-11D3-BF4B-00C04F79EFBC}") = "coderabbit_calculator_-Agentic_Pre-merge_checks", "coderabbit_calculator_-Agentic_Pre-merge_checks.csproj", "{FEFEE028-6237-4539-ED1B-EFDEB086173A}"
EndProject
Global
	GlobalSection(SolutionConfigurationPlatforms) = preSolution
		Debug|Any CPU = Debug|Any CPU
		Release|Any CPU = Release|Any CPU
	EndGlobalSection
	GlobalSection(ProjectConfigurationPlatforms) = postSolution
		{FEFEE028-6237-4539-ED1B-EFDEB086173A}.Debug|Any CPU.ActiveCfg = Debug|Any CPU
		{FEFEE028-6237-4539-ED1B-EFDEB086173A}.Debug|Any CPU.Build.0 = Debug|Any CPU
		{FEFEE028-6237-4539-ED1B-EFDEB086173A}.Release|Any CPU.ActiveCfg = Release|Any CPU
		{FEFEE028-6237-4539-ED1B-EFDEB086173A}.Release|Any CPU.Build.0 = Release|Any CPU
	EndGlobalSection
	GlobalSection(SolutionProperties) = preSolution
		HideSolutionNode = FALSE
	EndGlobalSection
	GlobalSection(ExtensibilityGlobals) = postSolution
		SolutionGuid = {AEEFDAFD-F8D5-4B21-B6EB-80DCC1E769F6}
	EndGlobalSection
EndGlobal
